
Microsoft Visual Studio Solution File, Format Version 12.00
# Visual Studio Version 17
VisualStudioVersion = 17.6.33829.357
MinimumVisualStudioVersion = 10.0.40219.1
Project("{FAE04EC0-301F-11D3-BF4B-00C04F79EFBC}") = "Assessment 5", "Assessment 5.csproj", "{2C785A53-9B90-4728-AA7C-8BBE6518FAB5}"
EndProject
Global
	GlobalSection(SolutionConfigurationPlatforms) = preSolution
		Debug|Any CPU = Debug|Any CPU
		Release|Any CPU = Release|Any CPU
	EndGlobalSection
	GlobalSection(ProjectConfigurationPlatforms) = postSolution
		{2C785A53-9B90-4728-AA7C-8BBE6518FAB5}.Debug|Any CPU.ActiveCfg = Debug|Any CPU
		{2C785A53-9B90-4728-AA7C-8BBE6518FAB5}.Debug|Any CPU.Build.0 = Debug|Any CPU
		{2C785A53-9B90-4728-AA7C-8BBE6518FAB5}.Release|Any CPU.ActiveCfg = Release|Any CPU
		{2C785A53-9B90-4728-AA7C-8BBE6518FAB5}.Release|Any CPU.Build.0 = Release|Any CPU
	EndGlobalSection
	GlobalSection(SolutionProperties) = preSolution
		HideSolutionNode = FALSE
	EndGlobalSection
	GlobalSection(ExtensibilityGlobals) = postSolution
		SolutionGuid = {8CFA4E59-113F-43C6-AB8E-F68D09FF5527}
	EndGlobalSection
EndGlobal
